// !$*UTF8*$!
{
	archiveVersion = 1;
	classes = {
	};
	objectVersion = 51;
	objects = {

/* Begin PBXBuildFile section */
		2853AE6A24EC2F3700E1F433 /* MainCollectionViewController.swift in Sources */ = {isa = PBXBuildFile; fileRef = 2853AE6824EC2F3600E1F433 /* MainCollectionViewController.swift */; };
		2853AE6B24EC2F3700E1F433 /* MainCollectionViewController.xib in Resources */ = {isa = PBXBuildFile; fileRef = 2853AE6924EC2F3700E1F433 /* MainCollectionViewController.xib */; };
		2853AE6E24EC30DB00E1F433 /* MyCollectionViewCell.swift in Sources */ = {isa = PBXBuildFile; fileRef = 2853AE6C24EC30DB00E1F433 /* MyCollectionViewCell.swift */; };
		2853AE6F24EC30DB00E1F433 /* MyCollectionViewCell.xib in Resources */ = {isa = PBXBuildFile; fileRef = 2853AE6D24EC30DB00E1F433 /* MyCollectionViewCell.xib */; };
		2873AE1E24E317E3007572E9 /* GoogleService-Info.plist in Resources */ = {isa = PBXBuildFile; fileRef = 2873AE1D24E317E3007572E9 /* GoogleService-Info.plist */; };
		28AD703824E3A4AA00D6F5FC /* MainViewController.swift in Sources */ = {isa = PBXBuildFile; fileRef = 28AD703724E3A4AA00D6F5FC /* MainViewController.swift */; };
		28AD703C24E3A95400D6F5FC /* SignUpViewController.swift in Sources */ = {isa = PBXBuildFile; fileRef = 28AD703B24E3A95400D6F5FC /* SignUpViewController.swift */; };
		28AD703E24E3A9DE00D6F5FC /* LogInViewController.swift in Sources */ = {isa = PBXBuildFile; fileRef = 28AD703D24E3A9DE00D6F5FC /* LogInViewController.swift */; };
		28FA0C1F24CD1EFC00E43392 /* AppDelegate.swift in Sources */ = {isa = PBXBuildFile; fileRef = 28FA0C1E24CD1EFC00E43392 /* AppDelegate.swift */; };
		28FA0C2124CD1EFC00E43392 /* SceneDelegate.swift in Sources */ = {isa = PBXBuildFile; fileRef = 28FA0C2024CD1EFC00E43392 /* SceneDelegate.swift */; };
		28FA0C2624CD1EFC00E43392 /* Main.storyboard in Resources */ = {isa = PBXBuildFile; fileRef = 28FA0C2424CD1EFC00E43392 /* Main.storyboard */; };
		28FA0C2824CD1EFE00E43392 /* Assets.xcassets in Resources */ = {isa = PBXBuildFile; fileRef = 28FA0C2724CD1EFE00E43392 /* Assets.xcassets */; };
		28FA0C2B24CD1EFE00E43392 /* LaunchScreen.storyboard in Resources */ = {isa = PBXBuildFile; fileRef = 28FA0C2924CD1EFE00E43392 /* LaunchScreen.storyboard */; };
		E9CFB2A46A660D25B5D7D292 /* Pods_My_Day.framework in Frameworks */ = {isa = PBXBuildFile; fileRef = 85DA2C2BE5F19C04A3A34C22 /* Pods_My_Day.framework */; };
/* End PBXBuildFile section */

/* Begin PBXFileReference section */
		2853AE6824EC2F3600E1F433 /* MainCollectionViewController.swift */ = {isa = PBXFileReference; lastKnownFileType = sourcecode.swift; path = MainCollectionViewController.swift; sourceTree = "<group>"; };
		2853AE6924EC2F3700E1F433 /* MainCollectionViewController.xib */ = {isa = PBXFileReference; lastKnownFileType = file.xib; path = MainCollectionViewController.xib; sourceTree = "<group>"; };
		2853AE6C24EC30DB00E1F433 /* MyCollectionViewCell.swift */ = {isa = PBXFileReference; lastKnownFileType = sourcecode.swift; path = MyCollectionViewCell.swift; sourceTree = "<group>"; };
		2853AE6D24EC30DB00E1F433 /* MyCollectionViewCell.xib */ = {isa = PBXFileReference; lastKnownFileType = file.xib; path = MyCollectionViewCell.xib; sourceTree = "<group>"; };
		2873AE1D24E317E3007572E9 /* GoogleService-Info.plist */ = {isa = PBXFileReference; fileEncoding = 4; lastKnownFileType = text.plist.xml; path = "GoogleService-Info.plist"; sourceTree = "<group>"; };
		28AD703724E3A4AA00D6F5FC /* MainViewController.swift */ = {isa = PBXFileReference; lastKnownFileType = sourcecode.swift; path = MainViewController.swift; sourceTree = "<group>"; };
		28AD703B24E3A95400D6F5FC /* SignUpViewController.swift */ = {isa = PBXFileReference; lastKnownFileType = sourcecode.swift; path = SignUpViewController.swift; sourceTree = "<group>"; };
		28AD703D24E3A9DE00D6F5FC /* LogInViewController.swift */ = {isa = PBXFileReference; lastKnownFileType = sourcecode.swift; path = LogInViewController.swift; sourceTree = "<group>"; };
		28FA0C1B24CD1EFC00E43392 /* My Day.app */ = {isa = PBXFileReference; explicitFileType = wrapper.application; includeInIndex = 0; path = "My Day.app"; sourceTree = BUILT_PRODUCTS_DIR; };
		28FA0C1E24CD1EFC00E43392 /* AppDelegate.swift */ = {isa = PBXFileReference; lastKnownFileType = sourcecode.swift; path = AppDelegate.swift; sourceTree = "<group>"; };
		28FA0C2024CD1EFC00E43392 /* SceneDelegate.swift */ = {isa = PBXFileReference; lastKnownFileType = sourcecode.swift; path = SceneDelegate.swift; sourceTree = "<group>"; };
		28FA0C2524CD1EFC00E43392 /* Base */ = {isa = PBXFileReference; lastKnownFileType = file.storyboard; name = Base; path = Base.lproj/Main.storyboard; sourceTree = "<group>"; };
		28FA0C2724CD1EFE00E43392 /* Assets.xcassets */ = {isa = PBXFileReference; lastKnownFileType = folder.assetcatalog; path = Assets.xcassets; sourceTree = "<group>"; };
		28FA0C2A24CD1EFE00E43392 /* Base */ = {isa = PBXFileReference; lastKnownFileType = file.storyboard; name = Base; path = Base.lproj/LaunchScreen.storyboard; sourceTree = "<group>"; };
		28FA0C2C24CD1EFE00E43392 /* Info.plist */ = {isa = PBXFileReference; lastKnownFileType = text.plist.xml; path = Info.plist; sourceTree = "<group>"; };
		57050C350F01A9005EFDB05D /* Pods-My Day.release.xcconfig */ = {isa = PBXFileReference; includeInIndex = 1; lastKnownFileType = text.xcconfig; name = "Pods-My Day.release.xcconfig"; path = "Target Support Files/Pods-My Day/Pods-My Day.release.xcconfig"; sourceTree = "<group>"; };
		85DA2C2BE5F19C04A3A34C22 /* Pods_My_Day.framework */ = {isa = PBXFileReference; explicitFileType = wrapper.framework; includeInIndex = 0; path = Pods_My_Day.framework; sourceTree = BUILT_PRODUCTS_DIR; };
		AA0605B1D4D3E85A6D62B725 /* Pods-My Day.debug.xcconfig */ = {isa = PBXFileReference; includeInIndex = 1; lastKnownFileType = text.xcconfig; name = "Pods-My Day.debug.xcconfig"; path = "Target Support Files/Pods-My Day/Pods-My Day.debug.xcconfig"; sourceTree = "<group>"; };
/* End PBXFileReference section */

/* Begin PBXFrameworksBuildPhase section */
		28FA0C1824CD1EFC00E43392 /* Frameworks */ = {
			isa = PBXFrameworksBuildPhase;
			buildActionMask = 2147483647;
			files = (
				E9CFB2A46A660D25B5D7D292 /* Pods_My_Day.framework in Frameworks */,
			);
			runOnlyForDeploymentPostprocessing = 0;
		};
/* End PBXFrameworksBuildPhase section */

/* Begin PBXGroup section */
		193B17237CF63BE537DB2ECB /* Frameworks */ = {
			isa = PBXGroup;
			children = (
				85DA2C2BE5F19C04A3A34C22 /* Pods_My_Day.framework */,
			);
			name = Frameworks;
			sourceTree = "<group>";
		};
		28FA0C1224CD1EFC00E43392 = {
			isa = PBXGroup;
			children = (
				28FA0C1D24CD1EFC00E43392 /* My Day */,
				28FA0C1C24CD1EFC00E43392 /* Products */,
				85537251760D9711F7B15F98 /* Pods */,
				193B17237CF63BE537DB2ECB /* Frameworks */,
			);
			sourceTree = "<group>";
		};
		28FA0C1C24CD1EFC00E43392 /* Products */ = {
			isa = PBXGroup;
			children = (
				28FA0C1B24CD1EFC00E43392 /* My Day.app */,
			);
			name = Products;
			sourceTree = "<group>";
		};
		28FA0C1D24CD1EFC00E43392 /* My Day */ = {
			isa = PBXGroup;
			children = (
				28FA0C1E24CD1EFC00E43392 /* AppDelegate.swift */,
				28FA0C2024CD1EFC00E43392 /* SceneDelegate.swift */,
				28FA0C2424CD1EFC00E43392 /* Main.storyboard */,
				28FA0C2724CD1EFE00E43392 /* Assets.xcassets */,
				28FA0C2924CD1EFE00E43392 /* LaunchScreen.storyboard */,
				2873AE1D24E317E3007572E9 /* GoogleService-Info.plist */,
				28FA0C2C24CD1EFE00E43392 /* Info.plist */,
				28AD703724E3A4AA00D6F5FC /* MainViewController.swift */,
				28AD703B24E3A95400D6F5FC /* SignUpViewController.swift */,
				28AD703D24E3A9DE00D6F5FC /* LogInViewController.swift */,
				2853AE6824EC2F3600E1F433 /* MainCollectionViewController.swift */,
				2853AE6924EC2F3700E1F433 /* MainCollectionViewController.xib */,
				2853AE6C24EC30DB00E1F433 /* MyCollectionViewCell.swift */,
				2853AE6D24EC30DB00E1F433 /* MyCollectionViewCell.xib */,
			);
			path = "My Day";
			sourceTree = "<group>";
		};
		85537251760D9711F7B15F98 /* Pods */ = {
			isa = PBXGroup;
			children = (
				AA0605B1D4D3E85A6D62B725 /* Pods-My Day.debug.xcconfig */,
				57050C350F01A9005EFDB05D /* Pods-My Day.release.xcconfig */,
			);
			path = Pods;
			sourceTree = "<group>";
		};
/* End PBXGroup section */

/* Begin PBXNativeTarget section */
		28FA0C1A24CD1EFC00E43392 /* My Day */ = {
			isa = PBXNativeTarget;
			buildConfigurationList = 28FA0C2F24CD1EFE00E43392 /* Build configuration list for PBXNativeTarget "My Day" */;
			buildPhases = (
				9A509BF58CC23446081DFDD8 /* [CP] Check Pods Manifest.lock */,
				28FA0C1724CD1EFC00E43392 /* Sources */,
				28FA0C1824CD1EFC00E43392 /* Frameworks */,
				28FA0C1924CD1EFC00E43392 /* Resources */,
				6A01E01BC1997DB7CD330306 /* [CP] Embed Pods Frameworks */,
			);
			buildRules = (
			);
			dependencies = (
			);
			name = "My Day";
			productName = "My Day";
			productReference = 28FA0C1B24CD1EFC00E43392 /* My Day.app */;
			productType = "com.apple.product-type.application";
		};
/* End PBXNativeTarget section */

/* Begin PBXProject section */
		28FA0C1324CD1EFC00E43392 /* Project object */ = {
			isa = PBXProject;
			attributes = {
				LastSwiftUpdateCheck = 1140;
				LastUpgradeCheck = 1140;
				ORGANIZATIONNAME = "Salman Farshi";
				TargetAttributes = {
					28FA0C1A24CD1EFC00E43392 = {
						CreatedOnToolsVersion = 11.4.1;
					};
				};
			};
			buildConfigurationList = 28FA0C1624CD1EFC00E43392 /* Build configuration list for PBXProject "My Day" */;
			compatibilityVersion = "Xcode 9.3";
			developmentRegion = en;
			hasScannedForEncodings = 0;
			knownRegions = (
				en,
				Base,
			);
			mainGroup = 28FA0C1224CD1EFC00E43392;
			productRefGroup = 28FA0C1C24CD1EFC00E43392 /* Products */;
			projectDirPath = "";
			projectRoot = "";
			targets = (
				28FA0C1A24CD1EFC00E43392 /* My Day */,
			);
		};
/* End PBXProject section */

/* Begin PBXResourcesBuildPhase section */
		28FA0C1924CD1EFC00E43392 /* Resources */ = {
			isa = PBXResourcesBuildPhase;
			buildActionMask = 2147483647;
			files = (
				28FA0C2B24CD1EFE00E43392 /* LaunchScreen.storyboard in Resources */,
				2873AE1E24E317E3007572E9 /* GoogleService-Info.plist in Resources */,
				2853AE6F24EC30DB00E1F433 /* MyCollectionViewCell.xib in Resources */,
				2853AE6B24EC2F3700E1F433 /* MainCollectionViewController.xib in Resources */,
				28FA0C2824CD1EFE00E43392 /* Assets.xcassets in Resources */,
				28FA0C2624CD1EFC00E43392 /* Main.storyboard in Resources */,
			);
			runOnlyForDeploymentPostprocessing = 0;
		};
/* End PBXResourcesBuildPhase section */

/* Begin PBXShellScriptBuildPhase section */
		6A01E01BC1997DB7CD330306 /* [CP] Embed Pods Frameworks */ = {
			isa = PBXShellScriptBuildPhase;
			buildActionMask = 2147483647;
			files = (
			);
			inputFileListPaths = (
				"${PODS_ROOT}/Target Support Files/Pods-My Day/Pods-My Day-frameworks-${CONFIGURATION}-input-files.xcfilelist",
			);
			name = "[CP] Embed Pods Frameworks";
			outputFileListPaths = (
				"${PODS_ROOT}/Target Support Files/Pods-My Day/Pods-My Day-frameworks-${CONFIGURATION}-output-files.xcfilelist",
			);
			runOnlyForDeploymentPostprocessing = 0;
			shellPath = /bin/sh;
			shellScript = "\"${PODS_ROOT}/Target Support Files/Pods-My Day/Pods-My Day-frameworks.sh\"\n";
			showEnvVarsInLog = 0;
		};
		9A509BF58CC23446081DFDD8 /* [CP] Check Pods Manifest.lock */ = {
			isa = PBXShellScriptBuildPhase;
			buildActionMask = 2147483647;
			files = (
			);
			inputFileListPaths = (
			);
			inputPaths = (
				"${PODS_PODFILE_DIR_PATH}/Podfile.lock",
				"${PODS_ROOT}/Manifest.lock",
			);
			name = "[CP] Check Pods Manifest.lock";
			outputFileListPaths = (
			);
			outputPaths = (
				"$(DERIVED_FILE_DIR)/Pods-My Day-checkManifestLockResult.txt",
			);
			runOnlyForDeploymentPostprocessing = 0;
			shellPath = /bin/sh;
			shellScript = "diff \"${PODS_PODFILE_DIR_PATH}/Podfile.lock\" \"${PODS_ROOT}/Manifest.lock\" > /dev/null\nif [ $? != 0 ] ; then\n    # print error to STDERR\n    echo \"error: The sandbox is not in sync with the Podfile.lock. Run 'pod install' or update your CocoaPods installation.\" >&2\n    exit 1\nfi\n# This output is used by Xcode 'outputs' to avoid re-running this script phase.\necho \"SUCCESS\" > \"${SCRIPT_OUTPUT_FILE_0}\"\n";
			showEnvVarsInLog = 0;
		};
/* End PBXShellScriptBuildPhase section */

/* Begin PBXSourcesBuildPhase section */
		28FA0C1724CD1EFC00E43392 /* Sources */ = {
			isa = PBXSourcesBuildPhase;
			buildActionMask = 2147483647;
			files = (
				28FA0C1F24CD1EFC00E43392 /* AppDelegate.swift in Sources */,
				2853AE6E24EC30DB00E1F433 /* MyCollectionViewCell.swift in Sources */,
				2853AE6A24EC2F3700E1F433 /* MainCollectionViewController.swift in Sources */,
				28FA0C2124CD1EFC00E43392 /* SceneDelegate.swift in Sources */,
				28AD703C24E3A95400D6F5FC /* SignUpViewController.swift in Sources */,
				28AD703E24E3A9DE00D6F5FC /* LogInViewController.swift in Sources */,
				28AD703824E3A4AA00D6F5FC /* MainViewController.swift in Sources */,
			);
			runOnlyForDeploymentPostprocessing = 0;
		};
/* End PBXSourcesBuildPhase section */

/* Begin PBXVariantGroup section */
		28FA0C2424CD1EFC00E43392 /* Main.storyboard */ = {
			isa = PBXVariantGroup;
			children = (
				28FA0C2524CD1EFC00E43392 /* Base */,
			);
			name = Main.storyboard;
			sourceTree = "<group>";
		};
		28FA0C2924CD1EFE00E43392 /* LaunchScreen.storyboard */ = {
			isa = PBXVariantGroup;
			children = (
				28FA0C2A24CD1EFE00E43392 /* Base */,
			);
			name = LaunchScreen.storyboard;
			sourceTree = "<group>";
		};
/* End PBXVariantGroup section */

/* Begin XCBuildConfiguration section */
		28FA0C2D24CD1EFE00E43392 /* Debug */ = {
			isa = XCBuildConfiguration;
			buildSettings = {
				ALWAYS_SEARCH_USER_PATHS = NO;
				CLANG_ANALYZER_NONNULL = YES;
				CLANG_ANALYZER_NUMBER_OBJECT_CONVERSION = YES_AGGRESSIVE;
				CLANG_CXX_LANGUAGE_STANDARD = "gnu++14";
				CLANG_CXX_LIBRARY = "libc++";
				CLANG_ENABLE_MODULES = YES;
				CLANG_ENABLE_OBJC_ARC = YES;
				CLANG_ENABLE_OBJC_WEAK = YES;
				CLANG_WARN_BLOCK_CAPTURE_AUTORELEASING = YES;
				CLANG_WARN_BOOL_CONVERSION = YES;
				CLANG_WARN_COMMA = YES;
				CLANG_WARN_CONSTANT_CONVERSION = YES;
				CLANG_WARN_DEPRECATED_OBJC_IMPLEMENTATIONS = YES;
				CLANG_WARN_DIRECT_OBJC_ISA_USAGE = YES_ERROR;
				CLANG_WARN_DOCUMENTATION_COMMENTS = YES;
				CLANG_WARN_EMPTY_BODY = YES;
				CLANG_WARN_ENUM_CONVERSION = YES;
				CLANG_WARN_INFINITE_RECURSION = YES;
				CLANG_WARN_INT_CONVERSION = YES;
				CLANG_WARN_NON_LITERAL_NULL_CONVERSION = YES;
				CLANG_WARN_OBJC_IMPLICIT_RETAIN_SELF = YES;
				CLANG_WARN_OBJC_LITERAL_CONVERSION = YES;
				CLANG_WARN_OBJC_ROOT_CLASS = YES_ERROR;
				CLANG_WARN_RANGE_LOOP_ANALYSIS = YES;
				CLANG_WARN_STRICT_PROTOTYPES = YES;
				CLANG_WARN_SUSPICIOUS_MOVE = YES;
				CLANG_WARN_UNGUARDED_AVAILABILITY = YES_AGGRESSIVE;
				CLANG_WARN_UNREACHABLE_CODE = YES;
				CLANG_WARN__DUPLICATE_METHOD_MATCH = YES;
				COPY_PHASE_STRIP = NO;
				DEBUG_INFORMATION_FORMAT = dwarf;
				ENABLE_STRICT_OBJC_MSGSEND = YES;
				ENABLE_TESTABILITY = YES;
				GCC_C_LANGUAGE_STANDARD = gnu11;
				GCC_DYNAMIC_NO_PIC = NO;
				GCC_NO_COMMON_BLOCKS = YES;
				GCC_OPTIMIZATION_LEVEL = 0;
				GCC_PREPROCESSOR_DEFINITIONS = (
					"DEBUG=1",
					"$(inherited)",
				);
				GCC_WARN_64_TO_32_BIT_CONVERSION = YES;
				GCC_WARN_ABOUT_RETURN_TYPE = YES_ERROR;
				GCC_WARN_UNDECLARED_SELECTOR = YES;
				GCC_WARN_UNINITIALIZED_AUTOS = YES_AGGRESSIVE;
				GCC_WARN_UNUSED_FUNCTION = YES;
				GCC_WARN_UNUSED_VARIABLE = YES;
				IPHONEOS_DEPLOYMENT_TARGET = 13.4;
				MTL_ENABLE_DEBUG_INFO = INCLUDE_SOURCE;
				MTL_FAST_MATH = YES;
				ONLY_ACTIVE_ARCH = YES;
				SDKROOT = iphoneos;
				SWIFT_ACTIVE_COMPILATION_CONDITIONS = DEBUG;
				SWIFT_OPTIMIZATION_LEVEL = "-Onone";
			};
			name = Debug;
		};
		28FA0C2E24CD1EFE00E43392 /* Release */ = {
			isa = XCBuildConfiguration;
			buildSettings = {
				ALWAYS_SEARCH_USER_PATHS = NO;
				CLANG_ANALYZER_NONNULL = YES;
				CLANG_ANALYZER_NUMBER_OBJECT_CONVERSION = YES_AGGRESSIVE;
				CLANG_CXX_LANGUAGE_STANDARD = "gnu++14";
				CLANG_CXX_LIBRARY = "libc++";
				CLANG_ENABLE_MODULES = YES;
				CLANG_ENABLE_OBJC_ARC = YES;
				CLANG_ENABLE_OBJC_WEAK = YES;
				CLANG_WARN_BLOCK_CAPTURE_AUTORELEASING = YES;
				CLANG_WARN_BOOL_CONVERSION = YES;
				CLANG_WARN_COMMA = YES;
				CLANG_WARN_CONSTANT_CONVERSION = YES;
				CLANG_WARN_DEPRECATED_OBJC_IMPLEMENTATIONS = YES;
				CLANG_WARN_DIRECT_OBJC_ISA_USAGE = YES_ERROR;
				CLANG_WARN_DOCUMENTATION_COMMENTS = YES;
				CLANG_WARN_EMPTY_BODY = YES;
				CLANG_WARN_ENUM_CONVERSION = YES;
				CLANG_WARN_INFINITE_RECURSION = YES;
				CLANG_WARN_INT_CONVERSION = YES;
				CLANG_WARN_NON_LITERAL_NULL_CONVERSION = YES;
				CLANG_WARN_OBJC_IMPLICIT_RETAIN_SELF = YES;
				CLANG_WARN_OBJC_LITERAL_CONVERSION = YES;
				CLANG_WARN_OBJC_ROOT_CLASS = YES_ERROR;
				CLANG_WARN_RANGE_LOOP_ANALYSIS = YES;
				CLANG_WARN_STRICT_PROTOTYPES = YES;
				CLANG_WARN_SUSPICIOUS_MOVE = YES;
				CLANG_WARN_UNGUARDED_AVAILABILITY = YES_AGGRESSIVE;
				CLANG_WARN_UNREACHABLE_CODE = YES;
				CLANG_WARN__DUPLICATE_METHOD_MATCH = YES;
				COPY_PHASE_STRIP = NO;
				DEBUG_INFORMATION_FORMAT = "dwarf-with-dsym";
				ENABLE_NS_ASSERTIONS = NO;
				ENABLE_STRICT_OBJC_MSGSEND = YES;
				GCC_C_LANGUAGE_STANDARD = gnu11;
				GCC_NO_COMMON_BLOCKS = YES;
				GCC_WARN_64_TO_32_BIT_CONVERSION = YES;
				GCC_WARN_ABOUT_RETURN_TYPE = YES_ERROR;
				GCC_WARN_UNDECLARED_SELECTOR = YES;
				GCC_WARN_UNINITIALIZED_AUTOS = YES_AGGRESSIVE;
				GCC_WARN_UNUSED_FUNCTION = YES;
				GCC_WARN_UNUSED_VARIABLE = YES;
				IPHONEOS_DEPLOYMENT_TARGET = 13.4;
				MTL_ENABLE_DEBUG_INFO = NO;
				MTL_FAST_MATH = YES;
				SDKROOT = iphoneos;
				SWIFT_COMPILATION_MODE = wholemodule;
				SWIFT_OPTIMIZATION_LEVEL = "-O";
				VALIDATE_PRODUCT = YES;
			};
			name = Release;
		};
		28FA0C3024CD1EFE00E43392 /* Debug */ = {
			isa = XCBuildConfiguration;
			baseConfigurationReference = AA0605B1D4D3E85A6D62B725 /* Pods-My Day.debug.xcconfig */;
			buildSettings = {
				ASSETCATALOG_COMPILER_APPICON_NAME = AppIcon;
				CODE_SIGN_STYLE = Automatic;
				DEVELOPMENT_TEAM = RW9UP66V3Z;
				INFOPLIST_FILE = "My Day/Info.plist";
				LD_RUNPATH_SEARCH_PATHS = (
					"$(inherited)",
					"@executable_path/Frameworks",
				);
				PRODUCT_BUNDLE_IDENTIFIER = "salman.My-Day";
				PRODUCT_NAME = "$(TARGET_NAME)";
				SWIFT_VERSION = 5.0;
				TARGETED_DEVICE_FAMILY = "1,2";
			};
			name = Debug;
		};
		28FA0C3124CD1EFE00E43392 /* Release */ = {
			isa = XCBuildConfiguration;
			baseConfigurationReference = 57050C350F01A9005EFDB05D /* Pods-My Day.release.xcconfig */;
			buildSettings = {
				ASSETCATALOG_COMPILER_APPICON_NAME = AppIcon;
				CODE_SIGN_STYLE = Automatic;
				DEVELOPMENT_TEAM = RW9UP66V3Z;
				INFOPLIST_FILE = "My Day/Info.plist";
				LD_RUNPATH_SEARCH_PATHS = (
					"$(inherited)",
					"@executable_path/Frameworks",
				);
				PRODUCT_BUNDLE_IDENTIFIER = "salman.My-Day";
				PRODUCT_NAME = "$(TARGET_NAME)";
				SWIFT_VERSION = 5.0;
				TARGETED_DEVICE_FAMILY = "1,2";
			};
			name = Release;
		};
/* End XCBuildConfiguration section */

/* Begin XCConfigurationList section */
		28FA0C1624CD1EFC00E43392 /* Build configuration list for PBXProject "My Day" */ = {
			isa = XCConfigurationList;
			buildConfigurations = (
				28FA0C2D24CD1EFE00E43392 /* Debug */,
				28FA0C2E24CD1EFE00E43392 /* Release */,
			);
			defaultConfigurationIsVisible = 0;
			defaultConfigurationName = Release;
		};
		28FA0C2F24CD1EFE00E43392 /* Build configuration list for PBXNativeTarget "My Day" */ = {
			isa = XCConfigurationList;
			buildConfigurations = (
				28FA0C3024CD1EFE00E43392 /* Debug */,
				28FA0C3124CD1EFE00E43392 /* Release */,
			);
			defaultConfigurationIsVisible = 0;
			defaultConfigurationName = Release;
		};
/* End XCConfigurationList section */
	};
	rootObject = 28FA0C1324CD1EFC00E43392 /* Project object */;
}
